
Microsoft Visual Studio Solution File, Format Version 12.00
# Visual Studio 15
VisualStudioVersion = 15.0.28010.2048
MinimumVisualStudioVersion = 10.0.40219.1
Project("{FAE04EC0-301F-11D3-BF4B-00C04F79EFBC}") = "Memory Game", "Memory Game\Memory Game.csproj", "{19209F76-293A-4C0B-B3EB-26DCE05243EF}"
EndProject
Global
	GlobalSection(SolutionConfigurationPlatforms) = preSolution
		Debug|Any CPU = Debug|Any CPU
		Release|Any CPU = Release|Any CPU
	EndGlobalSection
	GlobalSection(ProjectConfigurationPlatforms) = postSolution
		{19209F76-293A-4C0B-B3EB-26DCE05243EF}.Debug|Any CPU.ActiveCfg = Debug|Any CPU
		{19209F76-293A-4C0B-B3EB-26DCE05243EF}.Debug|Any CPU.Build.0 = Debug|Any CPU
		{19209F76-293A-4C0B-B3EB-26DCE05243EF}.Release|Any CPU.ActiveCfg = Release|Any CPU
		{19209F76-293A-4C0B-B3EB-26DCE05243EF}.Release|Any CPU.Build.0 = Release|Any CPU
	EndGlobalSection
	GlobalSection(SolutionProperties) = preSolution
		HideSolutionNode = FALSE
	EndGlobalSection
	GlobalSection(ExtensibilityGlobals) = postSolution
		SolutionGuid = {804710A0-F244-4446-963A-D208D428C493}
	EndGlobalSection
EndGlobal
